{
  "name": "node-red-project",
  "version": "0.0.1",
  "lockfileVersion": 2,
  "requires": true,
  "packages": {
    "": {
      "name": "node-red-project",
      "version": "0.0.1",
      "dependencies": {
        "node-red-contrib-designer-nodes": "file:./nodes/designer-nodes",
        "node-red-contrib-theme-flow-loading": "file:./theme-flow-loading"
      }
    },
    "node_modules/node-red-contrib-designer-nodes": {
      "resolved": "nodes/designer-nodes",
      "link": true
    },
    "node_modules/node-red-contrib-theme-flow-loading": {
      "resolved": "theme-flow-loading",
      "link": true
    },
    "nodes/designer-nodes": {
      "name": "node-red-contrib-designer-nodes",
      "version": "0.1.0"
    },
    "theme-flow-loading": {
      "version": "0.1.0"
    }
  },
  "dependencies": {
    "node-red-contrib-designer-nodes": {
      "version": "file:nodes/designer-nodes"
    },
    "node-red-contrib-theme-flow-loading": {
      "version": "file:theme-flow-loading"
    }
  }
}
